# requirements.lock -- runtime wheels of the bundled engine (DESIGN §3.3, §14.1). Owner: pack (with coreA).
# Installed by packaging/build-core.sh into the bundled runtime's own site-packages (so `python3 -I -m tmcore` finds
# everything without PYTHONPATH):
#   pip install --require-hashes --only-binary :all: --no-deps --target <runtime>/lib/python3.13/site-packages -r ...
# Curated list (--no-deps): exactly the distributions the engine's import set loads (packaging/tests/import_set.py),
# nothing pulled in by pymobiledevice3's CLI extras (no IPython, FastAPI, uvicorn, ...). Versions = the private proof of
# concept. Generated from packaging/runtime-pins.txt by packaging/tools/lock_wheels.py -- do not edit by hand.
# hexdump has no wheel on PyPI: packaging/sdist-vendor.lock (hash-pinned sdist, single file vendored by build-core.sh).
pymobiledevice3==11.19.4 \
    --hash=sha256:faa064233d1eae664b78d095d7920293e1b35f228857a733f7afd82789b62354
construct==2.10.70 \
    --hash=sha256:c80be81ef595a1a821ec69dc16099550ed22197615f4320b57cc9ce2a672cb30
construct-typing==0.8.1 \
    --hash=sha256:9b5845dbaf959c9d960f5105f9ab3533227c4da2b76baa57d1f1c0aa2a088cdb
cryptography==50.0.1 \
    --hash=sha256:b8f852c65863251b9e3a1b8c150ce21e59b522dbb6a7d4bc80e680d38388e986 \
    --hash=sha256:ca83d00d9e69cd5eb63f2e69c3a5a59e0cecae5ae14c6ae0b35830fe3b37bad0
cffi==2.1.1 \
    --hash=sha256:19ee6127ee34de7d83ce3d371ebc5ed91addbdcc39f9ab15ce4eb35a4e534971
pycparser==3.0 \
    --hash=sha256:b727414169a36b7d524c1c3e31839a521725078d7b2ff038656844266160a992
packaging==26.3 \
    --hash=sha256:d7193f7c8e4e93f444fde0262bf90af30e16fa0ad0ad44cb553c87339b23cd1c
typing-extensions==4.16.0 \
    --hash=sha256:481caa481374e813c1b176ada14e97f1f67a4539ce9cfeb3f350d78d6370c2e8
Pygments==2.21.0 \
    --hash=sha256:2363c69b61c4a97c838da3b130dcd6468f4848992b21a82f2a63ec34377137d9
questionary==2.1.1 \
    --hash=sha256:a51af13f345f1cdea62347589fbb6df3b290306ab8930713bfae4d475a7d4a59
prompt_toolkit==3.0.53 \
    --hash=sha256:01c0891d7f9237d5e339f7d3e42cdae80b7534abb1c7c0e3352efba6231492f2
wcwidth==0.9.1 \
    --hash=sha256:40d936d72c9bdc10df43f93a8be502bc5024b487259139f66a328722c07f34a9 \
    --hash=sha256:e0c3a1c45c5b9550c6919a4449e95f5b177f6e165786376981db8f1addae9b21
requests==2.34.2 \
    --hash=sha256:2a0d60c172f83ac6ab31e4554906c0f3b3588d37b5cb939b1c061f4907e278e0
urllib3==2.8.0 \
    --hash=sha256:0cf3cae568d36aa9576b28dfb35f11328f1cb974ca7647d9475ebb86c75ac6e3
idna==3.20 \
    --hash=sha256:ab7ae7122974553370f0bdb919e1a960b2cd1bc1ef0276416d896db81c14582c
certifi==2026.7.22 \
    --hash=sha256:62f22742b58a1a33014a2b6b706588a8d7e2a88ae7bd1a6ebe8c992928483775
charset-normalizer==3.5.1 \
    --hash=sha256:41876ee62a3dddf48ff1121ad8f0798032aa03f2fd35f21f34a4cab14f18d8d2 \
    --hash=sha256:6df0ec430f9a831772c23ca5a224cba36517a58a84bb32c32bb59a9fa67c47f6 \
    --hash=sha256:e90251c0c7bdd54a100a0dce3c07b7e637278c93af29dbf78ebb89a58c4bac7d
tqdm==4.70.1 \
    --hash=sha256:c293e525e6fef9c20e8728fd4612df02a0aa31bb5fe91ecd93e123b1b7bffa73
traitlets==5.16.1 \
    --hash=sha256:f775618166caa0396c8e337099240f2bd3e5e917d203b2e6fbe21a58d3cb1f6b
psutil==7.2.2 \
    --hash=sha256:1a7b04c10f32cc88ab39cbf606e117fd74721c831c98a27dc04578deb0c16979
ifaddr==0.2.0 \
    --hash=sha256:085e0305cfe6f16ab12d72e2024030f5d52674afad6911bb1eee207177b8a748
ioregistry==0.0.6 \
    --hash=sha256:d5fe9ea3873213e8a1d31ab5573029f60f1114dc0ce6026b4cc7a7044e4e1be7
xonsh==0.24.2 \
    --hash=sha256:da19e84ad0361c0c8052f5119fd08bd111995df60fa233b8a61a3d66ea253d78
pygnuutils==0.1.1 \
    --hash=sha256:3b690540cc13f2c763250ee5cc647e9c81055d1002b1bcf7ac07ea6d259a21c5
click==8.5.0 \
    --hash=sha256:255bc9599cf7748b4b1a446ccc735421bd08a2ae529a8b88597d3de5664ee360
parameter-decorators==0.0.2 \
    --hash=sha256:8f89280356f7ea983725bf47534c22171fbd10a13d98159f44f3c55ba8ae73e7
hyperframe==6.1.0 \
    --hash=sha256:b03380493a519fce58ea5af42e4a42317bf9bd425596f7a0835ffce80f1a42e5
bpylist2==4.1.1 \
    --hash=sha256:4862eab78d9d908d532393208b6771cebc8debef99ab851b54a0a0e28e2bec6b
pyiosbackup==0.2.4 \
    --hash=sha256:c71ae67d012c13e01a5139687eb5bfaaa4e7722e6519c3f0a246a87e015f1b9e
iphone-backup-decrypt==0.11.2 \
    --hash=sha256:f18281997a94313c174aa3839d42db292d198e879fa570799c151ac36ac9c9d7
pycryptodome==3.23.0 \
    --hash=sha256:187058ab80b3281b1de11c2e6842a357a1f71b42cb1e15bce373f3d238135c27
pyzipper==0.4.0 \
    --hash=sha256:aa7b8a0fe741d67aac36ead85f6e735af107b72f84e0775f2ed565fc0d3a2f02
pycryptodomex==3.23.0 \
    --hash=sha256:06698f957fe1ab229a99ba2defeeae1c09af185baa909a31a5d1f9d42b1aaed6
