# python.lock -- pinned python-build-standalone runtime for the app bundle (DESIGN §3.3, §14.1). Owner: pack.
# Read by fetch-python.sh (key=value, never sourced). Changing a line = new runtime = new release (VERSIONS.md).
# Source: https://github.com/astral-sh/python-build-standalone/releases/tag/20260929 (asset digest and the
# release's SHA256SUMS agree on PBS_SHA256). Flavour install_only_stripped (no debug symbols), arm64 only.
# The file name is cpython-<PBS_PYTHON>(plus sign)<PBS_RELEASE>-<PBS_TRIPLE>-<PBS_FLAVOR>.tar.gz (lib.sh pbs_file).
PBS_RELEASE=20260929
PBS_PYTHON=3.13.15
PBS_TRIPLE=aarch64-apple-darwin
PBS_FLAVOR=install_only_stripped
PBS_URL=https://github.com/astral-sh/python-build-standalone/releases/download/20260929/cpython-3.13.15%2B20260929-aarch64-apple-darwin-install_only_stripped.tar.gz
PBS_SHA256=d66c67f16148c7454b1509c32747175f7669c8b8e105b97b92a0000d66af6e6e
PBS_SHA256SUMS_URL=https://github.com/astral-sh/python-build-standalone/releases/download/20260929/SHA256SUMS
